
Microsoft Visual Studio Solution File, Format Version 12.00
# Visual Studio Version 16
VisualStudioVersion = 16.0.32106.194
MinimumVisualStudioVersion = 10.0.40219.1
Project("{FAE04EC0-301F-11D3-BF4B-00C04F79EFBC}") = "Game-Project-1", "Game-Project-1\Game-Project-1.csproj", "{E7DB67D2-87CA-4D80-BFE2-35BE09DC8BCC}"
EndProject
Global
	GlobalSection(SolutionConfigurationPlatforms) = preSolution
		Debug|Any CPU = Debug|Any CPU
		Release|Any CPU = Release|Any CPU
	EndGlobalSection
	GlobalSection(ProjectConfigurationPlatforms) = postSolution
		{E7DB67D2-87CA-4D80-BFE2-35BE09DC8BCC}.Debug|Any CPU.ActiveCfg = Debug|Any CPU
		{E7DB67D2-87CA-4D80-BFE2-35BE09DC8BCC}.Debug|Any CPU.Build.0 = Debug|Any CPU
		{E7DB67D2-87CA-4D80-BFE2-35BE09DC8BCC}.Release|Any CPU.ActiveCfg = Release|Any CPU
		{E7DB67D2-87CA-4D80-BFE2-35BE09DC8BCC}.Release|Any CPU.Build.0 = Release|Any CPU
	EndGlobalSection
	GlobalSection(SolutionProperties) = preSolution
		HideSolutionNode = FALSE
	EndGlobalSection
	GlobalSection(ExtensibilityGlobals) = postSolution
		SolutionGuid = {AE29E453-1D41-4775-B664-FA8D3364EFBF}
	EndGlobalSection
EndGlobal
